// !$*UTF8*$!
{
	archiveVersion = 1;
	classes = {
	};
	objectVersion = 46;
	objects = {

/* Begin PBXBuildFile section */
		492F77D71F7BDEED00C42552 /* MessageViewController.swift in Sources */ = {isa = PBXBuildFile; fileRef = 492F77D61F7BDEED00C42552 /* MessageViewController.swift */; };
		4953012F1F7A5F5C0085FB07 /* ViewControllerTableViewCell.swift in Sources */ = {isa = PBXBuildFile; fileRef = 4953012E1F7A5F5C0085FB07 /* ViewControllerTableViewCell.swift */; };
		495301311F7A835F0085FB07 /* RegisterViewController.swift in Sources */ = {isa = PBXBuildFile; fileRef = 495301301F7A835F0085FB07 /* RegisterViewController.swift */; };
		49A126F81F7D0C2C00044AF7 /* VideoTableViewCell.swift in Sources */ = {isa = PBXBuildFile; fileRef = 49A126F61F7D0C2C00044AF7 /* VideoTableViewCell.swift */; };
		49A126F91F7D0C2C00044AF7 /* VideoTableViewCell.xib in Resources */ = {isa = PBXBuildFile; fileRef = 49A126F71F7D0C2C00044AF7 /* VideoTableViewCell.xib */; };
		49F8ED0E1F78F9B100DB648B /* AppDelegate.swift in Sources */ = {isa = PBXBuildFile; fileRef = 49F8ED0D1F78F9B100DB648B /* AppDelegate.swift */; };
		49F8ED101F78F9B100DB648B /* ViewController.swift in Sources */ = {isa = PBXBuildFile; fileRef = 49F8ED0F1F78F9B100DB648B /* ViewController.swift */; };
		49F8ED131F78F9B100DB648B /* Main.storyboard in Resources */ = {isa = PBXBuildFile; fileRef = 49F8ED111F78F9B100DB648B /* Main.storyboard */; };
		49F8ED151F78F9B100DB648B /* Assets.xcassets in Resources */ = {isa = PBXBuildFile; fileRef = 49F8ED141F78F9B100DB648B /* Assets.xcassets */; };
		49F8ED181F78F9B100DB648B /* LaunchScreen.storyboard in Resources */ = {isa = PBXBuildFile; fileRef = 49F8ED161F78F9B100DB648B /* LaunchScreen.storyboard */; };
		49F8ED231F78F9B100DB648B /* ThumbSplitTests.swift in Sources */ = {isa = PBXBuildFile; fileRef = 49F8ED221F78F9B100DB648B /* ThumbSplitTests.swift */; };
		49F8ED2E1F78F9B100DB648B /* ThumbSplitUITests.swift in Sources */ = {isa = PBXBuildFile; fileRef = 49F8ED2D1F78F9B100DB648B /* ThumbSplitUITests.swift */; };
		49F8ED401F79313200DB648B /* LoginView.swift in Sources */ = {isa = PBXBuildFile; fileRef = 49F8ED3F1F79313200DB648B /* LoginView.swift */; };
		B8C48863FB39C6FFB45AFEF4 /* Pods_ThumbSplit.framework in Frameworks */ = {isa = PBXBuildFile; fileRef = BF9AE2DD0C2EB444FDE93F73 /* Pods_ThumbSplit.framework */; };
/* End PBXBuildFile section */

/* Begin PBXContainerItemProxy section */
		49F8ED1F1F78F9B100DB648B /* PBXContainerItemProxy */ = {
			isa = PBXContainerItemProxy;
			containerPortal = 49F8ED021F78F9B100DB648B /* Project object */;
			proxyType = 1;
			remoteGlobalIDString = 49F8ED091F78F9B100DB648B;
			remoteInfo = ThumbSplit;
		};
		49F8ED2A1F78F9B100DB648B /* PBXContainerItemProxy */ = {
			isa = PBXContainerItemProxy;
			containerPortal = 49F8ED021F78F9B100DB648B /* Project object */;
			proxyType = 1;
			remoteGlobalIDString = 49F8ED091F78F9B100DB648B;
			remoteInfo = ThumbSplit;
		};
/* End PBXContainerItemProxy section */

/* Begin PBXFileReference section */
		38AD6631FB88FA89CFD18EFC /* Pods-ThumbSplit.release.xcconfig */ = {isa = PBXFileReference; includeInIndex = 1; lastKnownFileType = text.xcconfig; name = "Pods-ThumbSplit.release.xcconfig"; path = "Pods/Target Support Files/Pods-ThumbSplit/Pods-ThumbSplit.release.xcconfig"; sourceTree = "<group>"; };
		492F77D61F7BDEED00C42552 /* MessageViewController.swift */ = {isa = PBXFileReference; fileEncoding = 4; lastKnownFileType = sourcecode.swift; path = MessageViewController.swift; sourceTree = "<group>"; };
		4953012E1F7A5F5C0085FB07 /* ViewControllerTableViewCell.swift */ = {isa = PBXFileReference; fileEncoding = 4; lastKnownFileType = sourcecode.swift; path = ViewControllerTableViewCell.swift; sourceTree = "<group>"; };
		495301301F7A835F0085FB07 /* RegisterViewController.swift */ = {isa = PBXFileReference; fileEncoding = 4; lastKnownFileType = sourcecode.swift; path = RegisterViewController.swift; sourceTree = "<group>"; };
		49A126F61F7D0C2C00044AF7 /* VideoTableViewCell.swift */ = {isa = PBXFileReference; fileEncoding = 4; lastKnownFileType = sourcecode.swift; path = VideoTableViewCell.swift; sourceTree = "<group>"; };
		49A126F71F7D0C2C00044AF7 /* VideoTableViewCell.xib */ = {isa = PBXFileReference; fileEncoding = 4; lastKnownFileType = file.xib; path = VideoTableViewCell.xib; sourceTree = "<group>"; };
		49F8ED0A1F78F9B100DB648B /* ThumbSplit.app */ = {isa = PBXFileReference; explicitFileType = wrapper.application; includeInIndex = 0; path = ThumbSplit.app; sourceTree = BUILT_PRODUCTS_DIR; };
		49F8ED0D1F78F9B100DB648B /* AppDelegate.swift */ = {isa = PBXFileReference; lastKnownFileType = sourcecode.swift; path = AppDelegate.swift; sourceTree = "<group>"; };
		49F8ED0F1F78F9B100DB648B /* ViewController.swift */ = {isa = PBXFileReference; lastKnownFileType = sourcecode.swift; path = ViewController.swift; sourceTree = "<group>"; };
		49F8ED121F78F9B100DB648B /* Base */ = {isa = PBXFileReference; lastKnownFileType = file.storyboard; name = Base; path = Base.lproj/Main.storyboard; sourceTree = "<group>"; };
		49F8ED141F78F9B100DB648B /* Assets.xcassets */ = {isa = PBXFileReference; lastKnownFileType = folder.assetcatalog; path = Assets.xcassets; sourceTree = "<group>"; };
		49F8ED171F78F9B100DB648B /* Base */ = {isa = PBXFileReference; lastKnownFileType = file.storyboard; name = Base; path = Base.lproj/LaunchScreen.storyboard; sourceTree = "<group>"; };
		49F8ED191F78F9B100DB648B /* Info.plist */ = {isa = PBXFileReference; lastKnownFileType = text.plist.xml; path = Info.plist; sourceTree = "<group>"; };
		49F8ED1E1F78F9B100DB648B /* ThumbSplitTests.xctest */ = {isa = PBXFileReference; explicitFileType = wrapper.cfbundle; includeInIndex = 0; path = ThumbSplitTests.xctest; sourceTree = BUILT_PRODUCTS_DIR; };
		49F8ED221F78F9B100DB648B /* ThumbSplitTests.swift */ = {isa = PBXFileReference; lastKnownFileType = sourcecode.swift; path = ThumbSplitTests.swift; sourceTree = "<group>"; };
		49F8ED241F78F9B100DB648B /* Info.plist */ = {isa = PBXFileReference; lastKnownFileType = text.plist.xml; path = Info.plist; sourceTree = "<group>"; };
		49F8ED291F78F9B100DB648B /* ThumbSplitUITests.xctest */ = {isa = PBXFileReference; explicitFileType = wrapper.cfbundle; includeInIndex = 0; path = ThumbSplitUITests.xctest; sourceTree = BUILT_PRODUCTS_DIR; };
		49F8ED2D1F78F9B100DB648B /* ThumbSplitUITests.swift */ = {isa = PBXFileReference; lastKnownFileType = sourcecode.swift; path = ThumbSplitUITests.swift; sourceTree = "<group>"; };
		49F8ED2F1F78F9B100DB648B /* Info.plist */ = {isa = PBXFileReference; lastKnownFileType = text.plist.xml; path = Info.plist; sourceTree = "<group>"; };
		49F8ED3F1F79313200DB648B /* LoginView.swift */ = {isa = PBXFileReference; fileEncoding = 4; lastKnownFileType = sourcecode.swift; path = LoginView.swift; sourceTree = "<group>"; };
		4AAFC85CDA6FA8CF2A3E2409 /* Pods-ThumbSplit.debug.xcconfig */ = {isa = PBXFileReference; includeInIndex = 1; lastKnownFileType = text.xcconfig; name = "Pods-ThumbSplit.debug.xcconfig"; path = "Pods/Target Support Files/Pods-ThumbSplit/Pods-ThumbSplit.debug.xcconfig"; sourceTree = "<group>"; };
		BF9AE2DD0C2EB444FDE93F73 /* Pods_ThumbSplit.framework */ = {isa = PBXFileReference; explicitFileType = wrapper.framework; includeInIndex = 0; path = Pods_ThumbSplit.framework; sourceTree = BUILT_PRODUCTS_DIR; };
/* End PBXFileReference section */

/* Begin PBXFrameworksBuildPhase section */
		49F8ED071F78F9B100DB648B /* Frameworks */ = {
			isa = PBXFrameworksBuildPhase;
			buildActionMask = 2147483647;
			files = (
				B8C48863FB39C6FFB45AFEF4 /* Pods_ThumbSplit.framework in Frameworks */,
			);
			runOnlyForDeploymentPostprocessing = 0;
		};
		49F8ED1B1F78F9B100DB648B /* Frameworks */ = {
			isa = PBXFrameworksBuildPhase;
			buildActionMask = 2147483647;
			files = (
			);
			runOnlyForDeploymentPostprocessing = 0;
		};
		49F8ED261F78F9B100DB648B /* Frameworks */ = {
			isa = PBXFrameworksBuildPhase;
			buildActionMask = 2147483647;
			files = (
			);
			runOnlyForDeploymentPostprocessing = 0;
		};
/* End PBXFrameworksBuildPhase section */

/* Begin PBXGroup section */
		18540C34BBDCCC94FE1D381D /* Frameworks */ = {
			isa = PBXGroup;
			children = (
				BF9AE2DD0C2EB444FDE93F73 /* Pods_ThumbSplit.framework */,
			);
			name = Frameworks;
			sourceTree = "<group>";
		};
		2181BFAAB20457798EF3201B /* Pods */ = {
			isa = PBXGroup;
			children = (
				4AAFC85CDA6FA8CF2A3E2409 /* Pods-ThumbSplit.debug.xcconfig */,
				38AD6631FB88FA89CFD18EFC /* Pods-ThumbSplit.release.xcconfig */,
			);
			name = Pods;
			sourceTree = "<group>";
		};
		49F8ED011F78F9B100DB648B = {
			isa = PBXGroup;
			children = (
				49F8ED0C1F78F9B100DB648B /* ThumbSplit */,
				49F8ED211F78F9B100DB648B /* ThumbSplitTests */,
				49F8ED2C1F78F9B100DB648B /* ThumbSplitUITests */,
				49F8ED0B1F78F9B100DB648B /* Products */,
				2181BFAAB20457798EF3201B /* Pods */,
				18540C34BBDCCC94FE1D381D /* Frameworks */,
			);
			sourceTree = "<group>";
		};
		49F8ED0B1F78F9B100DB648B /* Products */ = {
			isa = PBXGroup;
			children = (
				49F8ED0A1F78F9B100DB648B /* ThumbSplit.app */,
				49F8ED1E1F78F9B100DB648B /* ThumbSplitTests.xctest */,
				49F8ED291F78F9B100DB648B /* ThumbSplitUITests.xctest */,
			);
			name = Products;
			sourceTree = "<group>";
		};
		49F8ED0C1F78F9B100DB648B /* ThumbSplit */ = {
			isa = PBXGroup;
			children = (
				49F8ED3C1F792C4500DB648B /* IBDesignable */,
				49F8ED0D1F78F9B100DB648B /* AppDelegate.swift */,
				4953012E1F7A5F5C0085FB07 /* ViewControllerTableViewCell.swift */,
				492F77D61F7BDEED00C42552 /* MessageViewController.swift */,
				49F8ED0F1F78F9B100DB648B /* ViewController.swift */,
				49F8ED111F78F9B100DB648B /* Main.storyboard */,
				495301301F7A835F0085FB07 /* RegisterViewController.swift */,
				49F8ED141F78F9B100DB648B /* Assets.xcassets */,
				49F8ED161F78F9B100DB648B /* LaunchScreen.storyboard */,
				49F8ED191F78F9B100DB648B /* Info.plist */,
				49A126F61F7D0C2C00044AF7 /* VideoTableViewCell.swift */,
				49A126F71F7D0C2C00044AF7 /* VideoTableViewCell.xib */,
			);
			path = ThumbSplit;
			sourceTree = "<group>";
		};
		49F8ED211F78F9B100DB648B /* ThumbSplitTests */ = {
			isa = PBXGroup;
			children = (
				49F8ED221F78F9B100DB648B /* ThumbSplitTests.swift */,
				49F8ED241F78F9B100DB648B /* Info.plist */,
			);
			path = ThumbSplitTests;
			sourceTree = "<group>";
		};
		49F8ED2C1F78F9B100DB648B /* ThumbSplitUITests */ = {
			isa = PBXGroup;
			children = (
				49F8ED2D1F78F9B100DB648B /* ThumbSplitUITests.swift */,
				49F8ED2F1F78F9B100DB648B /* Info.plist */,
			);
			path = ThumbSplitUITests;
			sourceTree = "<group>";
		};
		49F8ED3C1F792C4500DB648B /* IBDesignable */ = {
			isa = PBXGroup;
			children = (
				49F8ED3F1F79313200DB648B /* LoginView.swift */,
			);
			name = IBDesignable;
			sourceTree = "<group>";
		};
/* End PBXGroup section */

/* Begin PBXNativeTarget section */
		49F8ED091F78F9B100DB648B /* ThumbSplit */ = {
			isa = PBXNativeTarget;
			buildConfigurationList = 49F8ED321F78F9B100DB648B /* Build configuration list for PBXNativeTarget "ThumbSplit" */;
			buildPhases = (
				08F1D05E866682F7820D6592 /* [CP] Check Pods Manifest.lock */,
				49F8ED061F78F9B100DB648B /* Sources */,
				49F8ED071F78F9B100DB648B /* Frameworks */,
				49F8ED081F78F9B100DB648B /* Resources */,
				D5785B5E8AB9B62FB1F5BAF7 /* [CP] Embed Pods Frameworks */,
				56044ED29C056DFE0CEC0847 /* [CP] Copy Pods Resources */,
			);
			buildRules = (
			);
			dependencies = (
			);
			name = ThumbSplit;
			productName = ThumbSplit;
			productReference = 49F8ED0A1F78F9B100DB648B /* ThumbSplit.app */;
			productType = "com.apple.product-type.application";
		};
		49F8ED1D1F78F9B100DB648B /* ThumbSplitTests */ = {
			isa = PBXNativeTarget;
			buildConfigurationList = 49F8ED351F78F9B100DB648B /* Build configuration list for PBXNativeTarget "ThumbSplitTests" */;
			buildPhases = (
				49F8ED1A1F78F9B100DB648B /* Sources */,
				49F8ED1B1F78F9B100DB648B /* Frameworks */,
				49F8ED1C1F78F9B100DB648B /* Resources */,
			);
			buildRules = (
			);
			dependencies = (
				49F8ED201F78F9B100DB648B /* PBXTargetDependency */,
			);
			name = ThumbSplitTests;
			productName = ThumbSplitTests;
			productReference = 49F8ED1E1F78F9B100DB648B /* ThumbSplitTests.xctest */;
			productType = "com.apple.product-type.bundle.unit-test";
		};
		49F8ED281F78F9B100DB648B /* ThumbSplitUITests */ = {
			isa = PBXNativeTarget;
			buildConfigurationList = 49F8ED381F78F9B100DB648B /* Build configuration list for PBXNativeTarget "ThumbSplitUITests" */;
			buildPhases = (
				49F8ED251F78F9B100DB648B /* Sources */,
				49F8ED261F78F9B100DB648B /* Frameworks */,
				49F8ED271F78F9B100DB648B /* Resources */,
			);
			buildRules = (
			);
			dependencies = (
				49F8ED2B1F78F9B100DB648B /* PBXTargetDependency */,
			);
			name = ThumbSplitUITests;
			productName = ThumbSplitUITests;
			productReference = 49F8ED291F78F9B100DB648B /* ThumbSplitUITests.xctest */;
			productType = "com.apple.product-type.bundle.ui-testing";
		};
/* End PBXNativeTarget section */

/* Begin PBXProject section */
		49F8ED021F78F9B100DB648B /* Project object */ = {
			isa = PBXProject;
			attributes = {
				LastSwiftUpdateCheck = 0830;
				LastUpgradeCheck = 0830;
				ORGANIZATIONNAME = Sierra;
				TargetAttributes = {
					49F8ED091F78F9B100DB648B = {
						CreatedOnToolsVersion = 8.3.3;
						ProvisioningStyle = Automatic;
					};
					49F8ED1D1F78F9B100DB648B = {
						CreatedOnToolsVersion = 8.3.3;
						ProvisioningStyle = Automatic;
						TestTargetID = 49F8ED091F78F9B100DB648B;
					};
					49F8ED281F78F9B100DB648B = {
						CreatedOnToolsVersion = 8.3.3;
						ProvisioningStyle = Automatic;
						TestTargetID = 49F8ED091F78F9B100DB648B;
					};
				};
			};
			buildConfigurationList = 49F8ED051F78F9B100DB648B /* Build configuration list for PBXProject "ThumbSplit" */;
			compatibilityVersion = "Xcode 3.2";
			developmentRegion = English;
			hasScannedForEncodings = 0;
			knownRegions = (
				en,
				Base,
			);
			mainGroup = 49F8ED011F78F9B100DB648B;
			productRefGroup = 49F8ED0B1F78F9B100DB648B /* Products */;
			projectDirPath = "";
			projectRoot = "";
			targets = (
				49F8ED091F78F9B100DB648B /* ThumbSplit */,
				49F8ED1D1F78F9B100DB648B /* ThumbSplitTests */,
				49F8ED281F78F9B100DB648B /* ThumbSplitUITests */,
			);
		};
/* End PBXProject section */

/* Begin PBXResourcesBuildPhase section */
		49F8ED081F78F9B100DB648B /* Resources */ = {
			isa = PBXResourcesBuildPhase;
			buildActionMask = 2147483647;
			files = (
				49F8ED181F78F9B100DB648B /* LaunchScreen.storyboard in Resources */,
				49A126F91F7D0C2C00044AF7 /* VideoTableViewCell.xib in Resources */,
				49F8ED151F78F9B100DB648B /* Assets.xcassets in Resources */,
				49F8ED131F78F9B100DB648B /* Main.storyboard in Resources */,
			);
			runOnlyForDeploymentPostprocessing = 0;
		};
		49F8ED1C1F78F9B100DB648B /* Resources */ = {
			isa = PBXResourcesBuildPhase;
			buildActionMask = 2147483647;
			files = (
			);
			runOnlyForDeploymentPostprocessing = 0;
		};
		49F8ED271F78F9B100DB648B /* Resources */ = {
			isa = PBXResourcesBuildPhase;
			buildActionMask = 2147483647;
			files = (
			);
			runOnlyForDeploymentPostprocessing = 0;
		};
/* End PBXResourcesBuildPhase section */

/* Begin PBXShellScriptBuildPhase section */
		08F1D05E866682F7820D6592 /* [CP] Check Pods Manifest.lock */ = {
			isa = PBXShellScriptBuildPhase;
			buildActionMask = 2147483647;
			files = (
			);
			inputPaths = (
				"${PODS_PODFILE_DIR_PATH}/Podfile.lock",
				"${PODS_ROOT}/Manifest.lock",
			);
			name = "[CP] Check Pods Manifest.lock";
			outputPaths = (
				"$(DERIVED_FILE_DIR)/Pods-ThumbSplit-checkManifestLockResult.txt",
			);
			runOnlyForDeploymentPostprocessing = 0;
			shellPath = /bin/sh;
			shellScript = "diff \"${PODS_PODFILE_DIR_PATH}/Podfile.lock\" \"${PODS_ROOT}/Manifest.lock\" > /dev/null\nif [ $? != 0 ] ; then\n    # print error to STDERR\n    echo \"error: The sandbox is not in sync with the Podfile.lock. Run 'pod install' or update your CocoaPods installation.\" >&2\n    exit 1\nfi\n# This output is used by Xcode 'outputs' to avoid re-running this script phase.\necho \"SUCCESS\" > \"${SCRIPT_OUTPUT_FILE_0}\"\n";
			showEnvVarsInLog = 0;
		};
		56044ED29C056DFE0CEC0847 /* [CP] Copy Pods Resources */ = {
			isa = PBXShellScriptBuildPhase;
			buildActionMask = 2147483647;
			files = (
			);
			inputPaths = (
			);
			name = "[CP] Copy Pods Resources";
			outputPaths = (
			);
			runOnlyForDeploymentPostprocessing = 0;
			shellPath = /bin/sh;
			shellScript = "\"${SRCROOT}/Pods/Target Support Files/Pods-ThumbSplit/Pods-ThumbSplit-resources.sh\"\n";
			showEnvVarsInLog = 0;
		};
		D5785B5E8AB9B62FB1F5BAF7 /* [CP] Embed Pods Frameworks */ = {
			isa = PBXShellScriptBuildPhase;
			buildActionMask = 2147483647;
			files = (
			);
			inputPaths = (
				"${SRCROOT}/Pods/Target Support Files/Pods-ThumbSplit/Pods-ThumbSplit-frameworks.sh",
				"${BUILT_PRODUCTS_DIR}/Alamofire/Alamofire.framework",
				"${BUILT_PRODUCTS_DIR}/AlamofireImage/AlamofireImage.framework",
				"${BUILT_PRODUCTS_DIR}/Unbox/Unbox.framework",
			);
			name = "[CP] Embed Pods Frameworks";
			outputPaths = (
				"${TARGET_BUILD_DIR}/${FRAMEWORKS_FOLDER_PATH}/Alamofire.framework",
				"${TARGET_BUILD_DIR}/${FRAMEWORKS_FOLDER_PATH}/AlamofireImage.framework",
				"${TARGET_BUILD_DIR}/${FRAMEWORKS_FOLDER_PATH}/Unbox.framework",
			);
			runOnlyForDeploymentPostprocessing = 0;
			shellPath = /bin/sh;
			shellScript = "\"${SRCROOT}/Pods/Target Support Files/Pods-ThumbSplit/Pods-ThumbSplit-frameworks.sh\"\n";
			showEnvVarsInLog = 0;
		};
/* End PBXShellScriptBuildPhase section */

/* Begin PBXSourcesBuildPhase section */
		49F8ED061F78F9B100DB648B /* Sources */ = {
			isa = PBXSourcesBuildPhase;
			buildActionMask = 2147483647;
			files = (
				49F8ED401F79313200DB648B /* LoginView.swift in Sources */,
				495301311F7A835F0085FB07 /* RegisterViewController.swift in Sources */,
				49A126F81F7D0C2C00044AF7 /* VideoTableViewCell.swift in Sources */,
				49F8ED101F78F9B100DB648B /* ViewController.swift in Sources */,
				4953012F1F7A5F5C0085FB07 /* ViewControllerTableViewCell.swift in Sources */,
				492F77D71F7BDEED00C42552 /* MessageViewController.swift in Sources */,
				49F8ED0E1F78F9B100DB648B /* AppDelegate.swift in Sources */,
			);
			runOnlyForDeploymentPostprocessing = 0;
		};
		49F8ED1A1F78F9B100DB648B /* Sources */ = {
			isa = PBXSourcesBuildPhase;
			buildActionMask = 2147483647;
			files = (
				49F8ED231F78F9B100DB648B /* ThumbSplitTests.swift in Sources */,
			);
			runOnlyForDeploymentPostprocessing = 0;
		};
		49F8ED251F78F9B100DB648B /* Sources */ = {
			isa = PBXSourcesBuildPhase;
			buildActionMask = 2147483647;
			files = (
				49F8ED2E1F78F9B100DB648B /* ThumbSplitUITests.swift in Sources */,
			);
			runOnlyForDeploymentPostprocessing = 0;
		};
/* End PBXSourcesBuildPhase section */

/* Begin PBXTargetDependency section */
		49F8ED201F78F9B100DB648B /* PBXTargetDependency */ = {
			isa = PBXTargetDependency;
			target = 49F8ED091F78F9B100DB648B /* ThumbSplit */;
			targetProxy = 49F8ED1F1F78F9B100DB648B /* PBXContainerItemProxy */;
		};
		49F8ED2B1F78F9B100DB648B /* PBXTargetDependency */ = {
			isa = PBXTargetDependency;
			target = 49F8ED091F78F9B100DB648B /* ThumbSplit */;
			targetProxy = 49F8ED2A1F78F9B100DB648B /* PBXContainerItemProxy */;
		};
/* End PBXTargetDependency section */

/* Begin PBXVariantGroup section */
		49F8ED111F78F9B100DB648B /* Main.storyboard */ = {
			isa = PBXVariantGroup;
			children = (
				49F8ED121F78F9B100DB648B /* Base */,
			);
			name = Main.storyboard;
			sourceTree = "<group>";
		};
		49F8ED161F78F9B100DB648B /* LaunchScreen.storyboard */ = {
			isa = PBXVariantGroup;
			children = (
				49F8ED171F78F9B100DB648B /* Base */,
			);
			name = LaunchScreen.storyboard;
			sourceTree = "<group>";
		};
/* End PBXVariantGroup section */

/* Begin XCBuildConfiguration section */
		49F8ED301F78F9B100DB648B /* Debug */ = {
			isa = XCBuildConfiguration;
			buildSettings = {
				ALWAYS_SEARCH_USER_PATHS = NO;
				CLANG_ANALYZER_NONNULL = YES;
				CLANG_ANALYZER_NUMBER_OBJECT_CONVERSION = YES_AGGRESSIVE;
				CLANG_CXX_LANGUAGE_STANDARD = "gnu++0x";
				CLANG_CXX_LIBRARY = "libc++";
				CLANG_ENABLE_MODULES = YES;
				CLANG_ENABLE_OBJC_ARC = YES;
				CLANG_WARN_BOOL_CONVERSION = YES;
				CLANG_WARN_CONSTANT_CONVERSION = YES;
				CLANG_WARN_DIRECT_OBJC_ISA_USAGE = YES_ERROR;
				CLANG_WARN_DOCUMENTATION_COMMENTS = YES;
				CLANG_WARN_EMPTY_BODY = YES;
				CLANG_WARN_ENUM_CONVERSION = YES;
				CLANG_WARN_INFINITE_RECURSION = YES;
				CLANG_WARN_INT_CONVERSION = YES;
				CLANG_WARN_OBJC_ROOT_CLASS = YES_ERROR;
				CLANG_WARN_SUSPICIOUS_MOVE = YES;
				CLANG_WARN_UNREACHABLE_CODE = YES;
				CLANG_WARN__DUPLICATE_METHOD_MATCH = YES;
				"CODE_SIGN_IDENTITY[sdk=iphoneos*]" = "iPhone Developer";
				COPY_PHASE_STRIP = NO;
				DEBUG_INFORMATION_FORMAT = dwarf;
				ENABLE_STRICT_OBJC_MSGSEND = YES;
				ENABLE_TESTABILITY = YES;
				GCC_C_LANGUAGE_STANDARD = gnu99;
				GCC_DYNAMIC_NO_PIC = NO;
				GCC_NO_COMMON_BLOCKS = YES;
				GCC_OPTIMIZATION_LEVEL = 0;
				GCC_PREPROCESSOR_DEFINITIONS = (
					"DEBUG=1",
					"$(inherited)",
				);
				GCC_WARN_64_TO_32_BIT_CONVERSION = YES;
				GCC_WARN_ABOUT_RETURN_TYPE = YES_ERROR;
				GCC_WARN_UNDECLARED_SELECTOR = YES;
				GCC_WARN_UNINITIALIZED_AUTOS = YES_AGGRESSIVE;
				GCC_WARN_UNUSED_FUNCTION = YES;
				GCC_WARN_UNUSED_VARIABLE = YES;
				IPHONEOS_DEPLOYMENT_TARGET = 10.3;
				MTL_ENABLE_DEBUG_INFO = YES;
				ONLY_ACTIVE_ARCH = YES;
				SDKROOT = iphoneos;
				SWIFT_ACTIVE_COMPILATION_CONDITIONS = DEBUG;
				SWIFT_OPTIMIZATION_LEVEL = "-Onone";
			};
			name = Debug;
		};
		49F8ED311F78F9B100DB648B /* Release */ = {
			isa = XCBuildConfiguration;
			buildSettings = {
				ALWAYS_SEARCH_USER_PATHS = NO;
				CLANG_ANALYZER_NONNULL = YES;
				CLANG_ANALYZER_NUMBER_OBJECT_CONVERSION = YES_AGGRESSIVE;
				CLANG_CXX_LANGUAGE_STANDARD = "gnu++0x";
				CLANG_CXX_LIBRARY = "libc++";
				CLANG_ENABLE_MODULES = YES;
				CLANG_ENABLE_OBJC_ARC = YES;
				CLANG_WARN_BOOL_CONVERSION = YES;
				CLANG_WARN_CONSTANT_CONVERSION = YES;
				CLANG_WARN_DIRECT_OBJC_ISA_USAGE = YES_ERROR;
				CLANG_WARN_DOCUMENTATION_COMMENTS = YES;
				CLANG_WARN_EMPTY_BODY = YES;
				CLANG_WARN_ENUM_CONVERSION = YES;
				CLANG_WARN_INFINITE_RECURSION = YES;
				CLANG_WARN_INT_CONVERSION = YES;
				CLANG_WARN_OBJC_ROOT_CLASS = YES_ERROR;
				CLANG_WARN_SUSPICIOUS_MOVE = YES;
				CLANG_WARN_UNREACHABLE_CODE = YES;
				CLANG_WARN__DUPLICATE_METHOD_MATCH = YES;
				"CODE_SIGN_IDENTITY[sdk=iphoneos*]" = "iPhone Developer";
				COPY_PHASE_STRIP = NO;
				DEBUG_INFORMATION_FORMAT = "dwarf-with-dsym";
				ENABLE_NS_ASSERTIONS = NO;
				ENABLE_STRICT_OBJC_MSGSEND = YES;
				GCC_C_LANGUAGE_STANDARD = gnu99;
				GCC_NO_COMMON_BLOCKS = YES;
				GCC_WARN_64_TO_32_BIT_CONVERSION = YES;
				GCC_WARN_ABOUT_RETURN_TYPE = YES_ERROR;
				GCC_WARN_UNDECLARED_SELECTOR = YES;
				GCC_WARN_UNINITIALIZED_AUTOS = YES_AGGRESSIVE;
				GCC_WARN_UNUSED_FUNCTION = YES;
				GCC_WARN_UNUSED_VARIABLE = YES;
				IPHONEOS_DEPLOYMENT_TARGET = 10.3;
				MTL_ENABLE_DEBUG_INFO = NO;
				SDKROOT = iphoneos;
				SWIFT_OPTIMIZATION_LEVEL = "-Owholemodule";
				VALIDATE_PRODUCT = YES;
			};
			name = Release;
		};
		49F8ED331F78F9B100DB648B /* Debug */ = {
			isa = XCBuildConfiguration;
			baseConfigurationReference = 4AAFC85CDA6FA8CF2A3E2409 /* Pods-ThumbSplit.debug.xcconfig */;
			buildSettings = {
				ASSETCATALOG_COMPILER_APPICON_NAME = AppIcon;
				INFOPLIST_FILE = ThumbSplit/Info.plist;
				LD_RUNPATH_SEARCH_PATHS = "$(inherited) @executable_path/Frameworks";
				PRODUCT_BUNDLE_IDENTIFIER = "iSoft-Developing.ThumbSplit";
				PRODUCT_NAME = "$(TARGET_NAME)";
				SWIFT_VERSION = 3.0;
			};
			name = Debug;
		};
		49F8ED341F78F9B100DB648B /* Release */ = {
			isa = XCBuildConfiguration;
			baseConfigurationReference = 38AD6631FB88FA89CFD18EFC /* Pods-ThumbSplit.release.xcconfig */;
			buildSettings = {
				ASSETCATALOG_COMPILER_APPICON_NAME = AppIcon;
				INFOPLIST_FILE = ThumbSplit/Info.plist;
				LD_RUNPATH_SEARCH_PATHS = "$(inherited) @executable_path/Frameworks";
				PRODUCT_BUNDLE_IDENTIFIER = "iSoft-Developing.ThumbSplit";
				PRODUCT_NAME = "$(TARGET_NAME)";
				SWIFT_VERSION = 3.0;
			};
			name = Release;
		};
		49F8ED361F78F9B100DB648B /* Debug */ = {
			isa = XCBuildConfiguration;
			buildSettings = {
				ALWAYS_EMBED_SWIFT_STANDARD_LIBRARIES = YES;
				BUNDLE_LOADER = "$(TEST_HOST)";
				INFOPLIST_FILE = ThumbSplitTests/Info.plist;
				LD_RUNPATH_SEARCH_PATHS = "$(inherited) @executable_path/Frameworks @loader_path/Frameworks";
				PRODUCT_BUNDLE_IDENTIFIER = "iSoft-Developing.ThumbSplitTests";
				PRODUCT_NAME = "$(TARGET_NAME)";
				SWIFT_VERSION = 3.0;
				TEST_HOST = "$(BUILT_PRODUCTS_DIR)/ThumbSplit.app/ThumbSplit";
			};
			name = Debug;
		};
		49F8ED371F78F9B100DB648B /* Release */ = {
			isa = XCBuildConfiguration;
			buildSettings = {
				ALWAYS_EMBED_SWIFT_STANDARD_LIBRARIES = YES;
				BUNDLE_LOADER = "$(TEST_HOST)";
				INFOPLIST_FILE = ThumbSplitTests/Info.plist;
				LD_RUNPATH_SEARCH_PATHS = "$(inherited) @executable_path/Frameworks @loader_path/Frameworks";
				PRODUCT_BUNDLE_IDENTIFIER = "iSoft-Developing.ThumbSplitTests";
				PRODUCT_NAME = "$(TARGET_NAME)";
				SWIFT_VERSION = 3.0;
				TEST_HOST = "$(BUILT_PRODUCTS_DIR)/ThumbSplit.app/ThumbSplit";
			};
			name = Release;
		};
		49F8ED391F78F9B100DB648B /* Debug */ = {
			isa = XCBuildConfiguration;
			buildSettings = {
				ALWAYS_EMBED_SWIFT_STANDARD_LIBRARIES = YES;
				INFOPLIST_FILE = ThumbSplitUITests/Info.plist;
				LD_RUNPATH_SEARCH_PATHS = "$(inherited) @executable_path/Frameworks @loader_path/Frameworks";
				PRODUCT_BUNDLE_IDENTIFIER = "iSoft-Developing.ThumbSplitUITests";
				PRODUCT_NAME = "$(TARGET_NAME)";
				SWIFT_VERSION = 3.0;
				TEST_TARGET_NAME = ThumbSplit;
			};
			name = Debug;
		};
		49F8ED3A1F78F9B100DB648B /* Release */ = {
			isa = XCBuildConfiguration;
			buildSettings = {
				ALWAYS_EMBED_SWIFT_STANDARD_LIBRARIES = YES;
				INFOPLIST_FILE = ThumbSplitUITests/Info.plist;
				LD_RUNPATH_SEARCH_PATHS = "$(inherited) @executable_path/Frameworks @loader_path/Frameworks";
				PRODUCT_BUNDLE_IDENTIFIER = "iSoft-Developing.ThumbSplitUITests";
				PRODUCT_NAME = "$(TARGET_NAME)";
				SWIFT_VERSION = 3.0;
				TEST_TARGET_NAME = ThumbSplit;
			};
			name = Release;
		};
/* End XCBuildConfiguration section */

/* Begin XCConfigurationList section */
		49F8ED051F78F9B100DB648B /* Build configuration list for PBXProject "ThumbSplit" */ = {
			isa = XCConfigurationList;
			buildConfigurations = (
				49F8ED301F78F9B100DB648B /* Debug */,
				49F8ED311F78F9B100DB648B /* Release */,
			);
			defaultConfigurationIsVisible = 0;
			defaultConfigurationName = Release;
		};
		49F8ED321F78F9B100DB648B /* Build configuration list for PBXNativeTarget "ThumbSplit" */ = {
			isa = XCConfigurationList;
			buildConfigurations = (
				49F8ED331F78F9B100DB648B /* Debug */,
				49F8ED341F78F9B100DB648B /* Release */,
			);
			defaultConfigurationIsVisible = 0;
			defaultConfigurationName = Release;
		};
		49F8ED351F78F9B100DB648B /* Build configuration list for PBXNativeTarget "ThumbSplitTests" */ = {
			isa = XCConfigurationList;
			buildConfigurations = (
				49F8ED361F78F9B100DB648B /* Debug */,
				49F8ED371F78F9B100DB648B /* Release */,
			);
			defaultConfigurationIsVisible = 0;
			defaultConfigurationName = Release;
		};
		49F8ED381F78F9B100DB648B /* Build configuration list for PBXNativeTarget "ThumbSplitUITests" */ = {
			isa = XCConfigurationList;
			buildConfigurations = (
				49F8ED391F78F9B100DB648B /* Debug */,
				49F8ED3A1F78F9B100DB648B /* Release */,
			);
			defaultConfigurationIsVisible = 0;
			defaultConfigurationName = Release;
		};
/* End XCConfigurationList section */
	};
	rootObject = 49F8ED021F78F9B100DB648B /* Project object */;
}
